
Microsoft Visual Studio Solution File, Format Version 12.00
# Visual Studio Version 16
VisualStudioVersion = 16.0.31515.178
MinimumVisualStudioVersion = 10.0.40219.1
Project("{FAE04EC0-301F-11D3-BF4B-00C04F79EFBC}") = "AbstracaoCinaraTarefaLucasDaniel", "AbstracaoCinaraTarefaLucasDaniel.csproj", "{36206ACE-435A-4109-833C-BD1D56B6B48B}"
EndProject
Global
	GlobalSection(SolutionConfigurationPlatforms) = preSolution
		Debug|Any CPU = Debug|Any CPU
		Release|Any CPU = Release|Any CPU
	EndGlobalSection
	GlobalSection(ProjectConfigurationPlatforms) = postSolution
		{36206ACE-435A-4109-833C-BD1D56B6B48B}.Debug|Any CPU.ActiveCfg = Debug|Any CPU
		{36206ACE-435A-4109-833C-BD1D56B6B48B}.Debug|Any CPU.Build.0 = Debug|Any CPU
		{36206ACE-435A-4109-833C-BD1D56B6B48B}.Release|Any CPU.ActiveCfg = Release|Any CPU
		{36206ACE-435A-4109-833C-BD1D56B6B48B}.Release|Any CPU.Build.0 = Release|Any CPU
	EndGlobalSection
	GlobalSection(SolutionProperties) = preSolution
		HideSolutionNode = FALSE
	EndGlobalSection
	GlobalSection(ExtensibilityGlobals) = postSolution
		SolutionGuid = {7EDE5B28-C699-420C-8CBB-4076B0343046}
	EndGlobalSection
EndGlobal
